
Microsoft Visual Studio Solution File, Format Version 12.00
# Visual Studio Version 16
VisualStudioVersion = 16.0.29926.136
MinimumVisualStudioVersion = 10.0.40219.1
Project("{FAE04EC0-301F-11D3-BF4B-00C04F79EFBC}") = "prueba10", "prueba10\prueba10.csproj", "{5C557A04-C1B7-48BD-A094-EBE7D516F2FE}"
EndProject
Global
	GlobalSection(SolutionConfigurationPlatforms) = preSolution
		Debug|Any CPU = Debug|Any CPU
		Release|Any CPU = Release|Any CPU
	EndGlobalSection
	GlobalSection(ProjectConfigurationPlatforms) = postSolution
		{5C557A04-C1B7-48BD-A094-EBE7D516F2FE}.Debug|Any CPU.ActiveCfg = Debug|Any CPU
		{5C557A04-C1B7-48BD-A094-EBE7D516F2FE}.Debug|Any CPU.Build.0 = Debug|Any CPU
		{5C557A04-C1B7-48BD-A094-EBE7D516F2FE}.Release|Any CPU.ActiveCfg = Release|Any CPU
		{5C557A04-C1B7-48BD-A094-EBE7D516F2FE}.Release|Any CPU.Build.0 = Release|Any CPU
	EndGlobalSection
	GlobalSection(SolutionProperties) = preSolution
		HideSolutionNode = FALSE
	EndGlobalSection
	GlobalSection(ExtensibilityGlobals) = postSolution
		SolutionGuid = {70C1E32E-A779-4770-A300-819E0AC1A6AF}
	EndGlobalSection
EndGlobal
